---
lockfileVersion: '9.0'

importers:

  .:
    configDependencies: {}
    packageManagerDependencies:
      pnpm:
        specifier: 12.3.4
        version: 12.3.4

packages:

  '@pnpm/exe.darwin-arm64@12.3.4':
    resolution: {integrity: sha512-PAyUol8T1+/+ViOiXAt51ECA+QnfXCqz6foL4bW+LsoX0NcVd5XVEM2mRQu+LV4oc7uRz9zf9U0P+XFfuQeDAw==}
    cpu: [arm64]
    os: [darwin]

  '@pnpm/exe.darwin-x64@12.3.4':
    resolution: {integrity: sha512-fxP9JCk0Cdye+ePuj+GJJLMUMTqHGWRdb1dtv4How876uQ2ehxvenpgiYAir/ceO9PsYUZkFTtyZdx+rRu5QOA==}
    cpu: [x64]
    os: [darwin]

  '@pnpm/exe.linux-arm64-musl@12.3.4':
    resolution: {integrity: sha512-FBOt0/7ye6O6q4AllVV5QMviB6qE6fqkeczV/+MDWQsmo+QJrlfsh6X7CpH/tClVpBZEyIbjpUoT8bNhCYBxEg==}
    cpu: [arm64]
    os: [linux]
    libc: [musl]

  '@pnpm/exe.linux-arm64@12.3.4':
    resolution: {integrity: sha512-t71AVA7LRqiKTyZ5xMYaZc2n5DfdpMbfokZuiIOXHBOM03ECnF0t4iYwaBDqJgVjlKYUOwaF/bRQajGNA4cJ4w==}
    cpu: [arm64]
    os: [linux]
    libc: [glibc]

  '@pnpm/exe.linux-x64-musl@12.3.4':
    resolution: {integrity: sha512-RPmk7Jb/aYaFvL2iyDN/AtMY+hUEsue732WmXpcuQ9tBpMnGyA5py7Z3+e+qmQaJ0zY/4ni9jJiyPBQHujmv6w==}
    cpu: [x64]
    os: [linux]
    libc: [musl]

  '@pnpm/exe.linux-x64@12.3.4':
    resolution: {integrity: sha512-2ZqOlSPkfwX1h5cR+FPiWf8+F+2hZT/3TvhUK5sigHqwaQCIiq8R7CGxhndKs63JtcLi2a1Qpo+wX/EoyfjyJQ==}
    cpu: [x64]
    os: [linux]
    libc: [glibc]

  '@pnpm/exe.win32-arm64@12.3.4':
    resolution: {integrity: sha512-ANyrHqyqco6SXBysUTRF74itDyyraea7IbFsKFdNXTjcFnfycTDx37EwuhdpPYFNSIh2JhUG4fByclsRfiHX7w==}
    cpu: [arm64]
    os: [win32]

  '@pnpm/exe.win32-x64@12.3.4':
    resolution: {integrity: sha512-WH/KqBPY/hq2Tb7SgQltEZytimcjgKRaCRL/aM9CI0c67iKc5TVmHUhIiL3Ux9FB4bWn36i6XewUcScQI+zG8w==}
    cpu: [x64]
    os: [win32]

  pnpm@12.3.4:
    resolution: {integrity: sha512-lhqkH7B32joEpEHZ+OFevAyW2o73ELLrZ7+e58sGEOq9SPH9hfUc/+c4RnhfoPh8VqOocqHYk/hEZ0G1zORUVw==}
    engines: {node: '>=18.*'}
    hasBin: true

snapshots:

  '@pnpm/exe.darwin-arm64@12.3.4':
    optional: true

  '@pnpm/exe.darwin-x64@12.3.4':
    optional: true

  '@pnpm/exe.linux-arm64-musl@12.3.4':
    optional: true

  '@pnpm/exe.linux-arm64@12.3.4':
    optional: true

  '@pnpm/exe.linux-x64-musl@12.3.4':
    optional: true

  '@pnpm/exe.linux-x64@12.3.4':
    optional: true

  '@pnpm/exe.win32-arm64@12.3.4':
    optional: true

  '@pnpm/exe.win32-x64@12.3.4':
    optional: true

  pnpm@12.3.4:
    optionalDependencies:
      '@pnpm/exe.darwin-arm64': 12.3.4
      '@pnpm/exe.darwin-x64': 12.3.4
      '@pnpm/exe.linux-arm64': 12.3.4
      '@pnpm/exe.linux-arm64-musl': 12.3.4
      '@pnpm/exe.linux-x64': 12.3.4
      '@pnpm/exe.linux-x64-musl': 12.3.4
      '@pnpm/exe.win32-arm64': 12.3.4
      '@pnpm/exe.win32-x64': 12.3.4

---
lockfileVersion: '9.0'

settings:
  autoInstallPeers: true
  excludeLinksFromLockfile: false

importers:

  .:
    devDependencies:
      jscpd:
        specifier: ^5.0.0
        version: 5.0.14
      knip:
        specifier: ^5.39.2
        version: 5.88.1(@types/node@26.1.2)(typescript@6.0.3)
      oxlint:
        specifier: ^0.18.0
        version: 0.18.1

packages:

  '@emnapi/core@1.11.2':
    resolution: {integrity: sha512-TC8MkTuZUtcTSiFeuC0ksCh9QIJ5+F21MvZ4Wn4ORfYaFJ/0dsiudv5tVkejgwZlwQ39jL9WWDe2lz8x0WglOA==}

  '@emnapi/runtime@1.11.2':
    resolution: {integrity: sha512-kyOl3X0DuTiT1h2ft8r2fYO8JYtU9a9Xis/zBSiGArNaagCOWx90N1k2wxp18czFDH+OgcWGb5ZP/XMt3dcyPA==}

  '@emnapi/wasi-threads@1.2.2':
    resolution: {integrity: sha512-c95qOXkHdydNKhscBTebqEC1CVAZpyqOfVfBzQ1qgzyl3gfeldUjIggDbIZgDKsHLgnsM+igH7TJ/eAasaVuMA==}

  '@napi-rs/wasm-runtime@1.2.2':
    resolution: {integrity: sha512-JfB4kuJQjaoHuCTseIINHtHWeJnvgEcxjwA5t/Y00ZgaOO1Crz3fjT/p8kT28zA/Caz7oiUMn3d6H2yOVCVwuw==}
    engines: {node: ^20.19.0 || ^22.13.0 || >=23.5.0}
    peerDependencies:
      '@emnapi/core': ^1.7.1 || ^2.0.0-alpha.3
      '@emnapi/runtime': ^1.7.1 || ^2.0.0-alpha.3

  '@nodelib/fs.scandir@2.1.5':
    resolution: {integrity: sha512-vq24Bq3ym5HEQm2NKCr3yXDwjc7vTsEThRDnkp2DK9p1uqLR+DHurm/NOTo0KG7HYHU7eppKZj3MyqYuMBf62g==}
    engines: {node: '>= 8'}

  '@nodelib/fs.stat@2.0.5':
    resolution: {integrity: sha512-RkhPPp2zrqDAQA/2jNhnztcPAlv64XdhIp7a7454A5ovI7Bukxgt7MX7udwAu3zg1DcpPU0rz3VV1SeaqvY4+A==}
    engines: {node: '>= 8'}

  '@nodelib/fs.walk@1.2.8':
    resolution: {integrity: sha512-oGB+UxlgWcgQkgwo8GcEGwemoTFt3FIO9ababBmaGwXIoBKZ+GTy0pP185beGg7Llih/NSHSV2XAs1lnznocSg==}
    engines: {node: '>= 8'}

  '@oxc-resolver/binding-android-arm-eabi@11.24.2':
    resolution: {integrity: sha512-y09e0L0SRI2OA2tUIrjBgoV3eH5hvUKXNkJqXmNo5V2WxIjyC7I7aJfRLMEVpA8yi95f90gFDvO0VMgrDw+vwA==}
    cpu: [arm]
    os: [android]

  '@oxc-resolver/binding-android-arm64@11.24.2':
    resolution: {integrity: sha512-cl4icWaZFnLdg8m6qtnh5rBMuGbxc/ptStFHLeCNwr+2cZjkjNwQu/jYRS0CHlnPecOJMpuS5M6/BH+0J/YkEg==}
    cpu: [arm64]
    os: [android]

  '@oxc-resolver/binding-darwin-arm64@11.24.2':
    resolution: {integrity: sha512-At29QEMF6HajbQvgY8K6OXnHD1x9rad74xBEfmCB6ZqCGsdq75aK7tOYcTbOanMy8qdIBrfL3SMr3p/lfSlb9w==}
    cpu: [arm64]
    os: [darwin]

  '@oxc-resolver/binding-darwin-x64@11.24.2':
    resolution: {integrity: sha512-A5Kqr1EUj4oIL5CF4WRssq/o5P0Y11cwoFouMRmQ7YnC/A8V93nv1nb7aSU8HwcgmXropjLNkVTl4MN87cu28Q==}
    cpu: [x64]
    os: [darwin]

  '@oxc-resolver/binding-freebsd-x64@11.24.2':
    resolution: {integrity: sha512-R5xkRBRRz7ceH/P5Jrc6G7FmdUdgpLYyESFAUDVTNQ9K0sGPxcp4ljiwEwEqsvNcQ4sYbMRrWcHHBCu7ksAJVw==}
    cpu: [x64]
    os: [freebsd]

  '@oxc-resolver/binding-linux-arm-gnueabihf@11.24.2':
    resolution: {integrity: sha512-k/RuYL4L/R58IBn3wT5ma3Wh4k62bp1eYCFRWCmMsasUOqL+H6sW0VGFadEzKWXFFlz+2uIMoeMk9ySSZJHgbg==}
    cpu: [arm]
    os: [linux]

  '@oxc-resolver/binding-linux-arm-musleabihf@11.24.2':
    resolution: {integrity: sha512-bnHAak3ujYfH5pKk4NieFNbvYvernfoQDgwLddbZ3OtMYrem87/qjlA+u+aKG0oZcqSLGCful/6/CEA+aeAgaA==}
    cpu: [arm]
    os: [linux]

  '@oxc-resolver/binding-linux-arm64-gnu@11.24.2':
    resolution: {integrity: sha512-vDT3KHgzYp47gmtNOqL2VNhCyl5Zv643eyxm//A68J8DeUGXrvD1pZFiaT4jSfe+RInfnn1R2yVHye4enx6RnA==}
    cpu: [arm64]
    os: [linux]

  '@oxc-resolver/binding-linux-arm64-musl@11.24.2':
    resolution: {integrity: sha512-+kMlQvbzfyEYtu5FcjE4p+ttBLpKW4d/AsAsuE69BxV6V4twZJeIQZFfD8gh/wqglY0MkPSezWXQH0jBV13MUw==}
    cpu: [arm64]
    os: [linux]

  '@oxc-resolver/binding-linux-ppc64-gnu@11.24.2':
    resolution: {integrity: sha512-shjfMhmZ3gq9fv/w7bi3PnZlgOPG+2QAOFf0BJF0EgBSIGZ6PMLN2zbGEblTUYB/NKVDRyYhE2ff3dJ1QqNPkA==}
    cpu: [ppc64]
    os: [linux]

  '@oxc-resolver/binding-linux-riscv64-gnu@11.24.2':
    resolution: {integrity: sha512-zGelwFR5oRo+b69k8Lrzun86DyUHzfKN6cnjbR9l7Z7NIRznOE/2ZvPa1IUKqAL2PzAXOdwkfVqNvO1H2RlpAw==}
    cpu: [riscv64]
    os: [linux]

  '@oxc-resolver/binding-linux-riscv64-musl@11.24.2':
    resolution: {integrity: sha512-qxZ1SWCXJY0eyhAlP6Lmo9F2Nrtx7EkYj9oCgL8apDPCwXwCEDA2U697bbT81JIc2IrVjxO4KX6WU2N+oN9Z4w==}
    cpu: [riscv64]
    os: [linux]

  '@oxc-resolver/binding-linux-s390x-gnu@11.24.2':
    resolution: {integrity: sha512-sGCecF3cx2DFlH4t/z7ApnOnXqN48p5p5mlHDEnHTAukQa2P+qMVE4CwyWE9W+q/m3QJ7kKfGrIjax31f44oFQ==}
    cpu: [s390x]
    os: [linux]

  '@oxc-resolver/binding-linux-x64-gnu@11.24.2':
    resolution: {integrity: sha512-k/VlMMcSzMlahb3/fENM4rTlsJ0s3fFROA0KXPBmKggqmTSaE383sl8F3KCOXPLmVsYfW6hCitMhXCEtNeZxxg==}
    cpu: [x64]
    os: [linux]

  '@oxc-resolver/binding-linux-x64-musl@11.24.2':
    resolution: {integrity: sha512-8hbnZyNi97b/8wapYaIF9+t9GmZKBW2vunaOc3h9HGJptH7b7XpvZqOTBSm/MpTjr7H497BlgOaSfLUdhmy2bw==}
    cpu: [x64]
    os: [linux]

  '@oxc-resolver/binding-openharmony-arm64@11.24.2':
    resolution: {integrity: sha512-MvyGik3a6pVgZ0t/kWlbmFxFLmXQJwgLsY2eYFHLpy0wGwRbfzeIGgDwQ3kXqE30z+kSXennRkCrT7TUvkptNg==}
    cpu: [arm64]
    os: [openharmony]

  '@oxc-resolver/binding-wasm32-wasi@11.24.2':
    resolution: {integrity: sha512-vHcssMPwO08RTvj/c0iOBz90attxyG3wQJ0dTcyEQK43LRpcdLWZlV5feBhv6Isn6ahbQIzHbCgfa81+RiML0Q==}
    engines: {node: '>=14.0.0'}
    cpu: [wasm32]

  '@oxc-resolver/binding-win32-arm64-msvc@11.24.2':
    resolution: {integrity: sha512-uokJqro2iBqkFvJdKQLP7d8/BUmFwESQFVmIJUQKj1Xn1a/LysJoe1vmeECLF5b3jsV8CAL5sEMJXX6SdK9Nhg==}
    cpu: [arm64]
    os: [win32]

  '@oxc-resolver/binding-win32-x64-msvc@11.24.2':
    resolution: {integrity: sha512-UqGPmo56KDfLlfXFAFIrNflHT8tFxWGEivWg3Zeyp4Uy2NlKN1FGPr6/BxcLGG3+kZ6Wp14g5Uj+n71boqZfiw==}
    cpu: [x64]
    os: [win32]

  '@oxlint/darwin-arm64@0.18.1':
    resolution: {integrity: sha512-FqDrcQJmEGNkgmZgI4wbCrGyJl1tiRZa3udxvyYaXag8W80A0zLFNCyWVvHIgUJ0DHlZjRc7O72xUGjiyvQrqQ==}
    cpu: [arm64]
    os: [darwin]

  '@oxlint/darwin-x64@0.18.1':
    resolution: {integrity: sha512-YUcyWBJdNuMcJxAwdV/i25/kvnKrVsA+vLn7SsL87cAwiD//rqGdOixk0r8sKUYa71Kx3h0Fg2ToUOjdE6ddYw==}
    cpu: [x64]
    os: [darwin]

  '@oxlint/linux-arm64-gnu@0.18.1':
    resolution: {integrity: sha512-ol3jhmUv5VI/omMrt6DkwY/jVTSVJlflFyU1SnSb/BuVVf3TyBiCHmZ4wVtcrcT5k3sWjrvYWw2kSozvmuE4tg==}
    cpu: [arm64]
    os: [linux]

  '@oxlint/linux-arm64-musl@0.18.1':
    resolution: {integrity: sha512-iKDj1ZwlU4KpXuIL1qkVP6NJzri2VSJreqXCIAe1Bf5RZXMAGSO3xjldgiX+HBvFOKSBIarLcqONYDbYco9uaQ==}
    cpu: [arm64]
    os: [linux]

  '@oxlint/linux-x64-gnu@0.18.1':
    resolution: {integrity: sha512-A3g+fZhlOivUdK7xU/IrbhBcMHig5GLrfMX0HYjXL1fiSqKYu9n1o1p42WpT6KfPL3L2uncSg/iyg7hspcN6qA==}
    cpu: [x64]
    os: [linux]

  '@oxlint/linux-x64-musl@0.18.1':
    resolution: {integrity: sha512-LA02SdATWZEZBy8ZZpR2GlUbDg7+Jq1/WKkywMXqxdClkcoyyFozj8aQD2iTMKELSra4OSyqqZpOYroqjSSKmw==}
    cpu: [x64]
    os: [linux]

  '@oxlint/win32-arm64@0.18.1':
    resolution: {integrity: sha512-FNL+OxDflqLGXRgLxfBM/X4RnLYgtOKTsb1mNSqsjSCEfUi1Oqivh7KvZ09IfAMZeJ85/fL6EI6hSOyY7nNYUg==}
    cpu: [arm64]
    os: [win32]

  '@oxlint/win32-x64@0.18.1':
    resolution: {integrity: sha512-W+aVE9Siqs6Oe3NDaDOTTOYsN9X3znl+whfqWK1EcLpqJXX1kdB8Hf45HkGjqnHoFoP96GRgUnXQHQvmUybjvg==}
    cpu: [x64]
    os: [win32]

  '@tybys/wasm-util@0.10.3':
    resolution: {integrity: sha512-F3fo1MYrRJYL3zER0OUOmkutjr1Vp23m7OsSgp7nq4SP6OqX6C/56XFIPAl5bt3zaBRjmW7SGz3u/6LwFpYcOg==}

  '@types/node@26.1.2':
    resolution: {integrity: sha512-Vu4a5UFA9rIIFJ7rB/Vaafh9lrCQszopTCx6KjFboXTGQbPNasehVR5TEiithSDGyd1DEiUByggTZsg8jukeIg==}

  braces@3.0.3:
    resolution: {integrity: sha512-yQbXgO/OSZVD2IsiLlro+7Hf6Q18EJrKSEsdoMzKePKXct3gvD8oLcOQdIzGupr5Fj+EDe8gO/lxc1BzfMpxvA==}
    engines: {node: '>=8'}

  fast-glob@3.3.3:
    resolution: {integrity: sha512-7MptL8U0cqcFdzIzwOTHoilX9x5BrNqye7Z/LuC7kCMRio1EMSyqRK3BEAUD7sXRq4iT4AzTVuZdhgQ2TCvYLg==}
    engines: {node: '>=8.6.0'}

  fastq@1.20.1:
    resolution: {integrity: sha512-GGToxJ/w1x32s/D2EKND7kTil4n8OVk/9mycTc4VDza13lOvpUZTGX3mFSCtV9ksdGBVzvsyAVLM6mHFThxXxw==}

  fd-package-json@2.0.0:
    resolution: {integrity: sha512-jKmm9YtsNXN789RS/0mSzOC1NUq9mkVd65vbSSVsKdjGvYXBuE4oWe2QOEoFeRmJg+lPuZxpmrfFclNhoRMneQ==}

  fill-range@7.1.1:
    resolution: {integrity: sha512-YsGpe3WHLK8ZYi4tWDg2Jy3ebRz2rXowDxnld4bkQB00cc/1Zw9AWnC0i9ztDJitivtQvaI9KaLyKrc+hBW0yg==}
    engines: {node: '>=8'}

  formatly@0.3.0:
    resolution: {integrity: sha512-9XNj/o4wrRFyhSMJOvsuyMwy8aUfBaZ1VrqHVfohyXf0Sw0e+yfKG+xZaY3arGCOMdwFsqObtzVOc1gU9KiT9w==}
    engines: {node: '>=18.3.0'}
    hasBin: true

  glob-parent@5.1.2:
    resolution: {integrity: sha512-AOIgSQCepiJYwP3ARnGx+5VnTu2HBYdzbGP45eLw1vr3zB3vZLeyed1sC9hnbcOc9/SrMyM5RPQrkGz4aS9Zow==}
    engines: {node: '>= 6'}

  is-extglob@2.1.1:
    resolution: {integrity: sha512-SbKbANkN603Vi4jEZv49LeVJMn4yGwsbzZworEoyEiutsN3nJYdbO36zfhGJ6QEDpOZIFkDtnq5JRxmvl3jsoQ==}
    engines: {node: '>=0.10.0'}

  is-glob@4.0.3:
    resolution: {integrity: sha512-xelSayHH36ZgE7ZWhli7pW34hNbNl8Ojv5KVmkJD4hBdD3th8Tfk9vYasLM+mXWOZhFkgZfxhLSnrwRr4elSSg==}
    engines: {node: '>=0.10.0'}

  is-number@7.0.0:
    resolution: {integrity: sha512-41Cifkg6e8TylSpdtTpeLVMqvSBEVzTttHvERD741+pnZ8ANv0004MRL43QKPDlK9cGvNp6NZWZUBlbGXYxxng==}
    engines: {node: '>=0.12.0'}

  jiti@2.7.0:
    resolution: {integrity: sha512-AC/7JofJvZGrrneWNaEnJeOLUx+JlGt7tNa0wZiRPT4MY1wmfKjt2+6O2p2uz2+skll8OZZmJMNqeke7kKbNgQ==}
    hasBin: true

  jscpd-darwin-arm64@5.0.14:
    resolution: {integrity: sha512-Ojjl79SBuj9tEW6WbjZ1a/1ZOR89dneH9yLQYQu8WyWaQownttnx7RYFEHU6aGhS4jIvwUEbr+1wxzFTb37cwg==}
    cpu: [arm64]
    os: [darwin]

  jscpd-darwin-x64@5.0.14:
    resolution: {integrity: sha512-DxFg5XvjMZ81iVeqillnM5apqcGCfNTbroNF+mPLr7RkHLGH6mudLgtO+ILL/hfpZXy1bF9oIY5BSudPmN/k9A==}
    cpu: [x64]
    os: [darwin]

  jscpd-linux-arm64-gnu@5.0.14:
    resolution: {integrity: sha512-1uw+XBHEt9pONXNICSp5HpaVWPjG6mQ6deDXaq9Yb0xCNJkX4/8gmn0vhzekIyZD2DspRYKPUolbDsqm/HEdYg==}
    cpu: [arm64]
    os: [linux]

  jscpd-linux-x64-gnu@5.0.14:
    resolution: {integrity: sha512-dFTbyyrm+Z9pcXIVzJQCw8QAgiNqIiO69sm4AfA7/wFdPoizoVzjhaXsYXcSV4bs0aoPiWbNazg0J0HgslT/5A==}
    cpu: [x64]
    os: [linux]

  jscpd-linux-x64-musl@5.0.14:
    resolution: {integrity: sha512-SayS7qQJvixyy9eR0+UjepkTsUUwqvlsiuSxfIdHgG2qzqoh/thnkgiu4By8fsiiDpQONsQrRrZDwHRQ3GDrBQ==}
    cpu: [x64]
    os: [linux]

  jscpd-windows-x64-msvc@5.0.14:
    resolution: {integrity: sha512-DqjxlVkUanlahGgY2lY7Zkrau4BUTI+AwWky+bPGK4kSK2AIOaUziY9Q19u8b58idXmJA9FKK98Fuu4ajNXVjQ==}
    cpu: [x64]
    os: [win32]

  jscpd@5.0.14:
    resolution: {integrity: sha512-zge+FPZZAymt2Do5Z0+QHyIn4/XcUhrO/W7of9HcHZfx2AK8++dYhLA1uWtwXj47ml3Of8PbcUW4wUWvYMCc3w==}
    engines: {node: '>=18'}
    hasBin: true

  knip@5.88.1:
    resolution: {integrity: sha512-tpy5o7zu1MjawVkLPuahymVJekYY3kYjvzcoInhIchgePxTlo+api90tBv2KfhAIe5uXh+mez1tAfmbv8/TiZg==}
    engines: {node: '>=18.18.0'}
    hasBin: true
    peerDependencies:
      '@types/node': '>=18'
      typescript: '>=5.0.4 <7'

  merge2@1.4.1:
    resolution: {integrity: sha512-8q7VEgMJW4J8tcfVPy8g09NcQwZdbwFEqhe/WZkoIzjn/3TGDwtOCYtXGxA3O8tPzpczCCDgv+P2P5y00ZJOOg==}
    engines: {node: '>= 8'}

  micromatch@4.0.8:
    resolution: {integrity: sha512-PXwfBhYu0hBCPw8Dn0E+WDYb7af3dSLVWKi3HGv84IdF4TyFoC0ysxFd0Goxw7nSv4T/PzEJQxsYsEiFCKo2BA==}
    engines: {node: '>=8.6'}

  minimist@1.2.8:
    resolution: {integrity: sha512-2yyAR8qBkN3YuheJanUpWC5U3bb5osDywNB8RzDVlDwDHbocAJveqqj1u8+SVD7jkWT4yvsHCpWqqWqAxb0zCA==}

  oxc-resolver@11.24.2:
    resolution: {integrity: sha512-FY91FiDBj7ls5MsFS9jN3tjz2o0/zsdSsymlakySaBwVJZorHhkWyICLZMKxlu1R9vYo+sd3z1jwb4J8x7bNDw==}

  oxlint@0.18.1:
    resolution: {integrity: sha512-JGcQvbhd00Qb+nq4f9sYYRh7mZIb0K/7rbMepNdJDMzo8pbmBpx1N2XOG61RjHDsNnY6ImAmVk3h4QVwFenwUQ==}
    engines: {node: '>=8.*'}
    hasBin: true

  picocolors@1.1.1:
    resolution: {integrity: sha512-xceH2snhtb5M9liqDsmEw56le376mTZkEX/jEb/RxNFyegNul7eNslCXP9FDj/Lcu0X8KEyMceP2ntpaHrDEVA==}

  picomatch@2.3.2:
    resolution: {integrity: sha512-V7+vQEJ06Z+c5tSye8S+nHUfI51xoXIXjHQ99cQtKUkQqqO1kO/KCJUfZXuB47h/YBlDhah2H3hdUGXn8ie0oA==}
    engines: {node: '>=8.6'}

  picomatch@4.0.5:
    resolution: {integrity: sha512-RvwwcruNjI1ncT5xRakeyS9Lf8lcItv34KD+aif+VH9kduAyfYBipGh12274xtenIPZ119/R9BdTBa8gAwSh0A==}
    engines: {node: '>=12'}

  queue-microtask@1.2.3:
    resolution: {integrity: sha512-NuaNSa6flKT5JaSYQzJok04JzTL1CA6aGhv5rfLW3PgqA+M2ChpZQnAC8h8i4ZFkBS8X5RqkDBHA7r4hej3K9A==}

  reusify@1.1.0:
    resolution: {integrity: sha512-g6QUff04oZpHs0eG5p83rFLhHeV00ug/Yf9nZM6fLeUrPguBTkTQOdpAWWspMh55TZfVQDPaN3NQJfbVRAxdIw==}
    engines: {iojs: '>=1.0.0', node: '>=0.10.0'}

  run-parallel@1.2.0:
    resolution: {integrity: sha512-5l4VyZR86LZ/lDxZTR6jqL8AFE2S0IFLMP26AbjsLVADxHdhB/c0GUsH+y39UfCi3dzz8OlQuPmnaJOMoDHQBA==}

  smol-toml@1.7.1:
    resolution: {integrity: sha512-PPlsspAZ4jbMBu5DMFhfUGDQLu/vrL4SyBROVS37x8ynnVmFIs1VPBz1Co8Xks3TvpIaZXmU85y4DrQ+UyVFoQ==}
    engines: {node: '>= 18'}

  strip-json-comments@5.0.3:
    resolution: {integrity: sha512-1tB5mhVo7U+ETBKNf92xT4hrQa3pm0MZ0PQvuDnWgAAGHDsfp4lPSpiS6psrSiet87wyGPh9ft6wmhOMQ0hDiw==}
    engines: {node: '>=14.16'}

  to-regex-range@5.0.1:
    resolution: {integrity: sha512-65P7iz6X5yEr1cwcgvQxbbIw7Uk3gOy5dIdtZ4rDveLqhrdJP+Li/Hx6tyK0NEb+2GCyneCMJiGqrADCSNk8sQ==}
    engines: {node: '>=8.0'}

  tslib@2.8.1:
    resolution: {integrity: sha512-oJFu94HQb+KVduSUQL7wnpmqnfmLsOA/nAh6b6EH0wCEoK0/mPeXU6c3wKDV83MkOuHPRHtSXKKU99IBazS/2w==}

  typescript@6.0.3:
    resolution: {integrity: sha512-y2TvuxSZPDyQakkFRPZHKFm+KKVqIisdg9/CZwm9ftvKXLP8NRWj38/ODjNbr43SsoXqNuAisEf1GdCxqWcdBw==}
    engines: {node: '>=14.17'}
    hasBin: true

  unbash@2.2.0:
    resolution: {integrity: sha512-X2wH19RAPZE3+ldGicOkoj/SIA83OIxcJ6Cuaw23hf8Xc6fQpvZXY0SftE2JgS0QhYLUG4uwodSI3R53keyh7w==}
    engines: {node: '>=14'}

  undici-types@8.3.0:
    resolution: {integrity: sha512-j375ScV60dom+YkPFIfTLcOiPxkN/buHz5GobjLhixFuANaNs3C9l4GmrWqejgXWJ7BbJcFYpTEUkS1Ge8bpZQ==}

  walk-up-path@4.0.0:
    resolution: {integrity: sha512-3hu+tD8YzSLGuFYtPRb48vdhKMi0KQV5sn+uWr8+7dMEq/2G/dtLrdDinkLjqq5TIbIBjYJ4Ax/n3YiaW7QM8A==}
    engines: {node: 20 || >=22}

  yaml@2.9.0:
    resolution: {integrity: sha512-2AvhNX3mb8zd6Zy7INTtSpl1F15HW6Wnqj0srWlkKLcpYl/gMIMJiyuGq2KeI2YFxUPjdlB+3Lc10seMLtL4cA==}
    engines: {node: '>= 14.6'}
    hasBin: true

  zod@4.4.3:
    resolution: {integrity: sha512-ytENFjIJFl2UwYglde2jchW2Hwm4GJFLDiSXWdTrJQBIN9Fcyp7n4DhxJEiWNAJMV1/BqWfW/kkg71UDcHJyTQ==}

snapshots:

  '@emnapi/core@1.11.2':
    dependencies:
      '@emnapi/wasi-threads': 1.2.2
      tslib: 2.8.1
    optional: true

  '@emnapi/runtime@1.11.2':
    dependencies:
      tslib: 2.8.1
    optional: true

  '@emnapi/wasi-threads@1.2.2':
    dependencies:
      tslib: 2.8.1
    optional: true

  '@napi-rs/wasm-runtime@1.2.2(@emnapi/core@1.11.2)(@emnapi/runtime@1.11.2)':
    dependencies:
      '@emnapi/core': 1.11.2
      '@emnapi/runtime': 1.11.2
      '@tybys/wasm-util': 0.10.3
    optional: true

  '@nodelib/fs.scandir@2.1.5':
    dependencies:
      '@nodelib/fs.stat': 2.0.5
      run-parallel: 1.2.0

  '@nodelib/fs.stat@2.0.5': {}

  '@nodelib/fs.walk@1.2.8':
    dependencies:
      '@nodelib/fs.scandir': 2.1.5
      fastq: 1.20.1

  '@oxc-resolver/binding-android-arm-eabi@11.24.2':
    optional: true

  '@oxc-resolver/binding-android-arm64@11.24.2':
    optional: true

  '@oxc-resolver/binding-darwin-arm64@11.24.2':
    optional: true

  '@oxc-resolver/binding-darwin-x64@11.24.2':
    optional: true

  '@oxc-resolver/binding-freebsd-x64@11.24.2':
    optional: true

  '@oxc-resolver/binding-linux-arm-gnueabihf@11.24.2':
    optional: true

  '@oxc-resolver/binding-linux-arm-musleabihf@11.24.2':
    optional: true

  '@oxc-resolver/binding-linux-arm64-gnu@11.24.2':
    optional: true

  '@oxc-resolver/binding-linux-arm64-musl@11.24.2':
    optional: true

  '@oxc-resolver/binding-linux-ppc64-gnu@11.24.2':
    optional: true

  '@oxc-resolver/binding-linux-riscv64-gnu@11.24.2':
    optional: true

  '@oxc-resolver/binding-linux-riscv64-musl@11.24.2':
    optional: true

  '@oxc-resolver/binding-linux-s390x-gnu@11.24.2':
    optional: true

  '@oxc-resolver/binding-linux-x64-gnu@11.24.2':
    optional: true

  '@oxc-resolver/binding-linux-x64-musl@11.24.2':
    optional: true

  '@oxc-resolver/binding-openharmony-arm64@11.24.2':
    optional: true

  '@oxc-resolver/binding-wasm32-wasi@11.24.2':
    dependencies:
      '@emnapi/core': 1.11.2
      '@emnapi/runtime': 1.11.2
      '@napi-rs/wasm-runtime': 1.2.2(@emnapi/core@1.11.2)(@emnapi/runtime@1.11.2)
    optional: true

  '@oxc-resolver/binding-win32-arm64-msvc@11.24.2':
    optional: true

  '@oxc-resolver/binding-win32-x64-msvc@11.24.2':
    optional: true

  '@oxlint/darwin-arm64@0.18.1':
    optional: true

  '@oxlint/darwin-x64@0.18.1':
    optional: true

  '@oxlint/linux-arm64-gnu@0.18.1':
    optional: true

  '@oxlint/linux-arm64-musl@0.18.1':
    optional: true

  '@oxlint/linux-x64-gnu@0.18.1':
    optional: true

  '@oxlint/linux-x64-musl@0.18.1':
    optional: true

  '@oxlint/win32-arm64@0.18.1':
    optional: true

  '@oxlint/win32-x64@0.18.1':
    optional: true

  '@tybys/wasm-util@0.10.3':
    dependencies:
      tslib: 2.8.1
    optional: true

  '@types/node@26.1.2':
    dependencies:
      undici-types: 8.3.0

  braces@3.0.3:
    dependencies:
      fill-range: 7.1.1

  fast-glob@3.3.3:
    dependencies:
      '@nodelib/fs.stat': 2.0.5
      '@nodelib/fs.walk': 1.2.8
      glob-parent: 5.1.2
      merge2: 1.4.1
      micromatch: 4.0.8

  fastq@1.20.1:
    dependencies:
      reusify: 1.1.0

  fd-package-json@2.0.0:
    dependencies:
      walk-up-path: 4.0.0

  fill-range@7.1.1:
    dependencies:
      to-regex-range: 5.0.1

  formatly@0.3.0:
    dependencies:
      fd-package-json: 2.0.0

  glob-parent@5.1.2:
    dependencies:
      is-glob: 4.0.3

  is-extglob@2.1.1: {}

  is-glob@4.0.3:
    dependencies:
      is-extglob: 2.1.1

  is-number@7.0.0: {}

  jiti@2.7.0: {}

  jscpd-darwin-arm64@5.0.14:
    optional: true

  jscpd-darwin-x64@5.0.14:
    optional: true

  jscpd-linux-arm64-gnu@5.0.14:
    optional: true

  jscpd-linux-x64-gnu@5.0.14:
    optional: true

  jscpd-linux-x64-musl@5.0.14:
    optional: true

  jscpd-windows-x64-msvc@5.0.14:
    optional: true

  jscpd@5.0.14:
    optionalDependencies:
      jscpd-darwin-arm64: 5.0.14
      jscpd-darwin-x64: 5.0.14
      jscpd-linux-arm64-gnu: 5.0.14
      jscpd-linux-x64-gnu: 5.0.14
      jscpd-linux-x64-musl: 5.0.14
      jscpd-windows-x64-msvc: 5.0.14

  knip@5.88.1(@types/node@26.1.2)(typescript@6.0.3):
    dependencies:
      '@nodelib/fs.walk': 1.2.8
      '@types/node': 26.1.2
      fast-glob: 3.3.3
      formatly: 0.3.0
      jiti: 2.7.0
      minimist: 1.2.8
      oxc-resolver: 11.24.2
      picocolors: 1.1.1
      picomatch: 4.0.5
      smol-toml: 1.7.1
      strip-json-comments: 5.0.3
      typescript: 6.0.3
      unbash: 2.2.0
      yaml: 2.9.0
      zod: 4.4.3

  merge2@1.4.1: {}

  micromatch@4.0.8:
    dependencies:
      braces: 3.0.3
      picomatch: 2.3.2

  minimist@1.2.8: {}

  oxc-resolver@11.24.2:
    optionalDependencies:
      '@oxc-resolver/binding-android-arm-eabi': 11.24.2
      '@oxc-resolver/binding-android-arm64': 11.24.2
      '@oxc-resolver/binding-darwin-arm64': 11.24.2
      '@oxc-resolver/binding-darwin-x64': 11.24.2
      '@oxc-resolver/binding-freebsd-x64': 11.24.2
      '@oxc-resolver/binding-linux-arm-gnueabihf': 11.24.2
      '@oxc-resolver/binding-linux-arm-musleabihf': 11.24.2
      '@oxc-resolver/binding-linux-arm64-gnu': 11.24.2
      '@oxc-resolver/binding-linux-arm64-musl': 11.24.2
      '@oxc-resolver/binding-linux-ppc64-gnu': 11.24.2
      '@oxc-resolver/binding-linux-riscv64-gnu': 11.24.2
      '@oxc-resolver/binding-linux-riscv64-musl': 11.24.2
      '@oxc-resolver/binding-linux-s390x-gnu': 11.24.2
      '@oxc-resolver/binding-linux-x64-gnu': 11.24.2
      '@oxc-resolver/binding-linux-x64-musl': 11.24.2
      '@oxc-resolver/binding-openharmony-arm64': 11.24.2
      '@oxc-resolver/binding-wasm32-wasi': 11.24.2
      '@oxc-resolver/binding-win32-arm64-msvc': 11.24.2
      '@oxc-resolver/binding-win32-x64-msvc': 11.24.2

  oxlint@0.18.1:
    optionalDependencies:
      '@oxlint/darwin-arm64': 0.18.1
      '@oxlint/darwin-x64': 0.18.1
      '@oxlint/linux-arm64-gnu': 0.18.1
      '@oxlint/linux-arm64-musl': 0.18.1
      '@oxlint/linux-x64-gnu': 0.18.1
      '@oxlint/linux-x64-musl': 0.18.1
      '@oxlint/win32-arm64': 0.18.1
      '@oxlint/win32-x64': 0.18.1

  picocolors@1.1.1: {}

  picomatch@2.3.2: {}

  picomatch@4.0.5: {}

  queue-microtask@1.2.3: {}

  reusify@1.1.0: {}

  run-parallel@1.2.0:
    dependencies:
      queue-microtask: 1.2.3

  smol-toml@1.7.1: {}

  strip-json-comments@5.0.3: {}

  to-regex-range@5.0.1:
    dependencies:
      is-number: 7.0.0

  tslib@2.8.1:
    optional: true

  typescript@6.0.3: {}

  unbash@2.2.0: {}

  undici-types@8.3.0: {}

  walk-up-path@4.0.0: {}

  yaml@2.9.0: {}

  zod@4.4.3: {}
